
Microsoft Visual Studio Solution File, Format Version 12.00
# Visual Studio Version 17
VisualStudioVersion = 17.5.33516.290
MinimumVisualStudioVersion = 10.0.40219.1
Project("{FAE04EC0-301F-11D3-BF4B-00C04F79EFBC}") = "ComplaintManagementSystem", "ComplaintManagementSystem\ComplaintManagementSystem.csproj", "{4112802E-8F3B-4D3C-9429-45434DCA7755}"
EndProject
Global
	GlobalSection(SolutionConfigurationPlatforms) = preSolution
		Debug|Any CPU = Debug|Any CPU
		Release|Any CPU = Release|Any CPU
	EndGlobalSection
	GlobalSection(ProjectConfigurationPlatforms) = postSolution
		{4112802E-8F3B-4D3C-9429-45434DCA7755}.Debug|Any CPU.ActiveCfg = Debug|Any CPU
		{4112802E-8F3B-4D3C-9429-45434DCA7755}.Debug|Any CPU.Build.0 = Debug|Any CPU
		{4112802E-8F3B-4D3C-9429-45434DCA7755}.Release|Any CPU.ActiveCfg = Release|Any CPU
		{4112802E-8F3B-4D3C-9429-45434DCA7755}.Release|Any CPU.Build.0 = Release|Any CPU
	EndGlobalSection
	GlobalSection(SolutionProperties) = preSolution
		HideSolutionNode = FALSE
	EndGlobalSection
	GlobalSection(ExtensibilityGlobals) = postSolution
		SolutionGuid = {85287945-38E9-485E-91D8-BE7DF22260F7}
	EndGlobalSection
EndGlobal
